
Microsoft Visual Studio Solution File, Format Version 12.00
# Visual Studio Version 16
VisualStudioVersion = 16.0.30114.105
MinimumVisualStudioVersion = 10.0.40219.1
Project("{FAE04EC0-301F-11D3-BF4B-00C04F79EFBC}") = "BuberDinner.Api", "BuberDinner.Api\BuberDinner.Api.csproj", "{07836A0D-DC19-48E1-8B3B-49929E63DA77}"
EndProject
Project("{FAE04EC0-301F-11D3-BF4B-00C04F79EFBC}") = "BuberDinner.Application", "BuberDinner.Application\BuberDinner.Application.csproj", "{0F4612E1-AF95-4BF9-9238-D622E09220E3}"
EndProject
Project("{FAE04EC0-301F-11D3-BF4B-00C04F79EFBC}") = "BuberDinner.Contracts", "BuberDinner.Contracts\BuberDinner.Contracts.csproj", "{DC5D707E-FC57-46D5-83CD-3C3E13D17987}"
EndProject
Project("{FAE04EC0-301F-11D3-BF4B-00C04F79EFBC}") = "BuberDinner.Domain", "BuberDinner.Domain\BuberDinner.Domain.csproj", "{875D7655-3982-46F3-BC64-4741201C5569}"
EndProject
Project("{FAE04EC0-301F-11D3-BF4B-00C04F79EFBC}") = "BuberDinner.Infrastructure", "BuberDinner.Infrastructure\BuberDinner.Infrastructure.csproj", "{E0EA1CB0-5DD2-403A-862B-A6D6A2380FA1}"
EndProject
Global
	GlobalSection(SolutionConfigurationPlatforms) = preSolution
		Debug|Any CPU = Debug|Any CPU
		Release|Any CPU = Release|Any CPU
	EndGlobalSection
	GlobalSection(SolutionProperties) = preSolution
		HideSolutionNode = FALSE
	EndGlobalSection
	GlobalSection(ProjectConfigurationPlatforms) = postSolution
		{07836A0D-DC19-48E1-8B3B-49929E63DA77}.Debug|Any CPU.ActiveCfg = Debug|Any CPU
		{07836A0D-DC19-48E1-8B3B-49929E63DA77}.Debug|Any CPU.Build.0 = Debug|Any CPU
		{07836A0D-DC19-48E1-8B3B-49929E63DA77}.Release|Any CPU.ActiveCfg = Release|Any CPU
		{07836A0D-DC19-48E1-8B3B-49929E63DA77}.Release|Any CPU.Build.0 = Release|Any CPU
		{0F4612E1-AF95-4BF9-9238-D622E09220E3}.Debug|Any CPU.ActiveCfg = Debug|Any CPU
		{0F4612E1-AF95-4BF9-9238-D622E09220E3}.Debug|Any CPU.Build.0 = Debug|Any CPU
		{0F4612E1-AF95-4BF9-9238-D622E09220E3}.Release|Any CPU.ActiveCfg = Release|Any CPU
		{0F4612E1-AF95-4BF9-9238-D622E09220E3}.Release|Any CPU.Build.0 = Release|Any CPU
		{DC5D707E-FC57-46D5-83CD-3C3E13D17987}.Debug|Any CPU.ActiveCfg = Debug|Any CPU
		{DC5D707E-FC57-46D5-83CD-3C3E13D17987}.Debug|Any CPU.Build.0 = Debug|Any CPU
		{DC5D707E-FC57-46D5-83CD-3C3E13D17987}.Release|Any CPU.ActiveCfg = Release|Any CPU
		{DC5D707E-FC57-46D5-83CD-3C3E13D17987}.Release|Any CPU.Build.0 = Release|Any CPU
		{875D7655-3982-46F3-BC64-4741201C5569}.Debug|Any CPU.ActiveCfg = Debug|Any CPU
		{875D7655-3982-46F3-BC64-4741201C5569}.Debug|Any CPU.Build.0 = Debug|Any CPU
		{875D7655-3982-46F3-BC64-4741201C5569}.Release|Any CPU.ActiveCfg = Release|Any CPU
		{875D7655-3982-46F3-BC64-4741201C5569}.Release|Any CPU.Build.0 = Release|Any CPU
		{E0EA1CB0-5DD2-403A-862B-A6D6A2380FA1}.Debug|Any CPU.ActiveCfg = Debug|Any CPU
		{E0EA1CB0-5DD2-403A-862B-A6D6A2380FA1}.Debug|Any CPU.Build.0 = Debug|Any CPU
		{E0EA1CB0-5DD2-403A-862B-A6D6A2380FA1}.Release|Any CPU.ActiveCfg = Release|Any CPU
		{E0EA1CB0-5DD2-403A-862B-A6D6A2380FA1}.Release|Any CPU.Build.0 = Release|Any CPU
	EndGlobalSection
EndGlobal
